PODS:
  - PrivacyHelper (0.1.0):
    - PrivacyHelper/Core (= 0.1.0)
  - PrivacyHelper/Core (0.1.0)

DEPENDENCIES:
  - PrivacyHelper (from `../`)

EXTERNAL SOURCES:
  PrivacyHelper:
    :path: "../"

SPEC CHECKSUMS:
  PrivacyHelper: f864c16bb93c9cd7b2f146e41ba28b2d05dffe77

PODFILE CHECKSUM: d5c35ed37f8c2e2ec61c4758d4a1c764eee84d4a

COCOAPODS: 1.10.1
